
Microsoft Visual Studio Solution File, Format Version 12.00
# Visual Studio 15
VisualStudioVersion = 15.0.27428.2002
MinimumVisualStudioVersion = 10.0.40219.1
Project("{888888A0-9F3D-457C-B088-3A5042F75D52}") = "HRDigitclassification_KavithaKonduru", "HRDigitclassification_KavithaKonduru\HRDigitclassification_KavithaKonduru.pyproj", "{D39462C6-E565-4E35-8440-7F28B516AFC7}"
EndProject
Project("{888888A0-9F3D-457C-B088-3A5042F75D52}") = "HRDigitpredictors_KavithaKonduru", "HRDigitpredictors_KavithaKonduru\HRDigitpredictors_KavithaKonduru.pyproj", "{0125329A-1FE5-4183-AEB7-D9BDC95F93A1}"
EndProject
Global
	GlobalSection(SolutionConfigurationPlatforms) = preSolution
		Debug|Any CPU = Debug|Any CPU
		Release|Any CPU = Release|Any CPU
	EndGlobalSection
	GlobalSection(ProjectConfigurationPlatforms) = postSolution
		{D39462C6-E565-4E35-8440-7F28B516AFC7}.Debug|Any CPU.ActiveCfg = Debug|Any CPU
		{D39462C6-E565-4E35-8440-7F28B516AFC7}.Release|Any CPU.ActiveCfg = Release|Any CPU
		{0125329A-1FE5-4183-AEB7-D9BDC95F93A1}.Debug|Any CPU.ActiveCfg = Debug|Any CPU
		{0125329A-1FE5-4183-AEB7-D9BDC95F93A1}.Release|Any CPU.ActiveCfg = Release|Any CPU
	EndGlobalSection
	GlobalSection(SolutionProperties) = preSolution
		HideSolutionNode = FALSE
	EndGlobalSection
	GlobalSection(ExtensibilityGlobals) = postSolution
		SolutionGuid = {E54344E0-84D3-4AAB-B832-6D5898662607}
	EndGlobalSection
EndGlobal
