
Microsoft Visual Studio Solution File, Format Version 12.00
# Visual Studio 15
VisualStudioVersion = 15.0.27428.2002
MinimumVisualStudioVersion = 10.0.40219.1
Project("{888888A0-9F3D-457C-B088-3A5042F75D52}") = "largecnn_git1", "largecnn_git1\largecnn_git1.pyproj", "{BA92AEEF-AB33-4C7C-91AC-801D25EDE7E3}"
EndProject
Project("{888888A0-9F3D-457C-B088-3A5042F75D52}") = "predictors", "predictors\predictors.pyproj", "{ED084515-089E-46FA-9B56-8F0B72D46F6F}"
EndProject
Global
	GlobalSection(SolutionConfigurationPlatforms) = preSolution
		Debug|Any CPU = Debug|Any CPU
		Release|Any CPU = Release|Any CPU
	EndGlobalSection
	GlobalSection(ProjectConfigurationPlatforms) = postSolution
		{BA92AEEF-AB33-4C7C-91AC-801D25EDE7E3}.Debug|Any CPU.ActiveCfg = Debug|Any CPU
		{BA92AEEF-AB33-4C7C-91AC-801D25EDE7E3}.Release|Any CPU.ActiveCfg = Release|Any CPU
		{ED084515-089E-46FA-9B56-8F0B72D46F6F}.Debug|Any CPU.ActiveCfg = Debug|Any CPU
		{ED084515-089E-46FA-9B56-8F0B72D46F6F}.Release|Any CPU.ActiveCfg = Release|Any CPU
	EndGlobalSection
	GlobalSection(SolutionProperties) = preSolution
		HideSolutionNode = FALSE
	EndGlobalSection
	GlobalSection(ExtensibilityGlobals) = postSolution
		SolutionGuid = {483A4264-799E-424A-BD20-D6E9A0F9EFC3}
	EndGlobalSection
EndGlobal
