
Microsoft Visual Studio Solution File, Format Version 12.00
# Visual Studio 15
VisualStudioVersion = 15.0.27428.2002
MinimumVisualStudioVersion = 10.0.40219.1
Project("{888888A0-9F3D-457C-B088-3A5042F75D52}") = "kavipredictors", "kavipredictors\kavipredictors.pyproj", "{66654F08-1C1B-400C-921C-420806C3C40C}"
EndProject
Project("{888888A0-9F3D-457C-B088-3A5042F75D52}") = "kavipredictors1", "..\kavipredictors1\kavipredictors1.pyproj", "{97CFA43F-D33D-4F89-956C-0B1EA55B3D57}"
EndProject
Global
	GlobalSection(SolutionConfigurationPlatforms) = preSolution
		Debug|Any CPU = Debug|Any CPU
		Release|Any CPU = Release|Any CPU
	EndGlobalSection
	GlobalSection(ProjectConfigurationPlatforms) = postSolution
		{66654F08-1C1B-400C-921C-420806C3C40C}.Debug|Any CPU.ActiveCfg = Debug|Any CPU
		{66654F08-1C1B-400C-921C-420806C3C40C}.Release|Any CPU.ActiveCfg = Release|Any CPU
		{97CFA43F-D33D-4F89-956C-0B1EA55B3D57}.Debug|Any CPU.ActiveCfg = Debug|Any CPU
		{97CFA43F-D33D-4F89-956C-0B1EA55B3D57}.Release|Any CPU.ActiveCfg = Release|Any CPU
	EndGlobalSection
	GlobalSection(SolutionProperties) = preSolution
		HideSolutionNode = FALSE
	EndGlobalSection
	GlobalSection(ExtensibilityGlobals) = postSolution
		SolutionGuid = {760985A8-A0E4-47F0-86D0-B8AD247030D9}
	EndGlobalSection
EndGlobal
