
Microsoft Visual Studio Solution File, Format Version 12.00
# Visual Studio 15
VisualStudioVersion = 15.0.27428.2002
MinimumVisualStudioVersion = 10.0.40219.1
Project("{888888A0-9F3D-457C-B088-3A5042F75D52}") = "largeCNN_MNIST", "largeCNN_MNIST\largeCNN_MNIST.pyproj", "{F3BED2A0-B070-4974-A132-F136BCA15429}"
EndProject
Global
	GlobalSection(SolutionConfigurationPlatforms) = preSolution
		Debug|Any CPU = Debug|Any CPU
		Release|Any CPU = Release|Any CPU
	EndGlobalSection
	GlobalSection(ProjectConfigurationPlatforms) = postSolution
		{F3BED2A0-B070-4974-A132-F136BCA15429}.Debug|Any CPU.ActiveCfg = Debug|Any CPU
		{F3BED2A0-B070-4974-A132-F136BCA15429}.Release|Any CPU.ActiveCfg = Release|Any CPU
	EndGlobalSection
	GlobalSection(SolutionProperties) = preSolution
		HideSolutionNode = FALSE
	EndGlobalSection
	GlobalSection(ExtensibilityGlobals) = postSolution
		SolutionGuid = {9FF642A8-BA12-4D4B-A309-89E1EE37913B}
	EndGlobalSection
EndGlobal
